
Microsoft Visual Studio Solution File, Format Version 12.00
# Visual Studio Version 16
VisualStudioVersion = 16.0.30011.22
MinimumVisualStudioVersion = 10.0.40219.1
Project("{FAE04EC0-301F-11D3-BF4B-00C04F79EFBC}") = "laba2.4.1", "laba2.4.1\laba2.4.1.csproj", "{865D5A9C-D04A-4879-AEEE-6BD043C74D83}"
EndProject
Global
	GlobalSection(SolutionConfigurationPlatforms) = preSolution
		Debug|Any CPU = Debug|Any CPU
		Release|Any CPU = Release|Any CPU
	EndGlobalSection
	GlobalSection(ProjectConfigurationPlatforms) = postSolution
		{865D5A9C-D04A-4879-AEEE-6BD043C74D83}.Debug|Any CPU.ActiveCfg = Debug|Any CPU
		{865D5A9C-D04A-4879-AEEE-6BD043C74D83}.Debug|Any CPU.Build.0 = Debug|Any CPU
		{865D5A9C-D04A-4879-AEEE-6BD043C74D83}.Release|Any CPU.ActiveCfg = Release|Any CPU
		{865D5A9C-D04A-4879-AEEE-6BD043C74D83}.Release|Any CPU.Build.0 = Release|Any CPU
	EndGlobalSection
	GlobalSection(SolutionProperties) = preSolution
		HideSolutionNode = FALSE
	EndGlobalSection
	GlobalSection(ExtensibilityGlobals) = postSolution
		SolutionGuid = {7836DF45-B7FF-4C40-AB30-F6C87C9FEC30}
	EndGlobalSection
EndGlobal
