
Microsoft Visual Studio Solution File, Format Version 12.00
# Visual Studio Version 16
VisualStudioVersion = 16.0.30011.22
MinimumVisualStudioVersion = 10.0.40219.1
Project("{FAE04EC0-301F-11D3-BF4B-00C04F79EFBC}") = "laba2.4", "laba2.4\laba2.4.csproj", "{EC4EEE24-8D39-43D7-864B-08F9DD573ABD}"
EndProject
Global
	GlobalSection(SolutionConfigurationPlatforms) = preSolution
		Debug|Any CPU = Debug|Any CPU
		Release|Any CPU = Release|Any CPU
	EndGlobalSection
	GlobalSection(ProjectConfigurationPlatforms) = postSolution
		{EC4EEE24-8D39-43D7-864B-08F9DD573ABD}.Debug|Any CPU.ActiveCfg = Debug|Any CPU
		{EC4EEE24-8D39-43D7-864B-08F9DD573ABD}.Debug|Any CPU.Build.0 = Debug|Any CPU
		{EC4EEE24-8D39-43D7-864B-08F9DD573ABD}.Release|Any CPU.ActiveCfg = Release|Any CPU
		{EC4EEE24-8D39-43D7-864B-08F9DD573ABD}.Release|Any CPU.Build.0 = Release|Any CPU
	EndGlobalSection
	GlobalSection(SolutionProperties) = preSolution
		HideSolutionNode = FALSE
	EndGlobalSection
	GlobalSection(ExtensibilityGlobals) = postSolution
		SolutionGuid = {8CB1495D-FBBF-4461-B5E9-625CA6F0AAFD}
	EndGlobalSection
EndGlobal
